
Microsoft Visual Studio Solution File, Format Version 12.00
# Visual Studio Version 16
VisualStudioVersion = 16.0.33328.57
MinimumVisualStudioVersion = 10.0.40219.1
Project("{FAE04EC0-301F-11D3-BF4B-00C04F79EFBC}") = "Corrida", "Corrida\Corrida.csproj", "{729B01E4-26ED-44F0-BCD4-6D5E7946D7AB}"
EndProject
Global
	GlobalSection(SolutionConfigurationPlatforms) = preSolution
		Debug|Any CPU = Debug|Any CPU
		Release|Any CPU = Release|Any CPU
	EndGlobalSection
	GlobalSection(ProjectConfigurationPlatforms) = postSolution
		{729B01E4-26ED-44F0-BCD4-6D5E7946D7AB}.Debug|Any CPU.ActiveCfg = Debug|Any CPU
		{729B01E4-26ED-44F0-BCD4-6D5E7946D7AB}.Debug|Any CPU.Build.0 = Debug|Any CPU
		{729B01E4-26ED-44F0-BCD4-6D5E7946D7AB}.Release|Any CPU.ActiveCfg = Release|Any CPU
		{729B01E4-26ED-44F0-BCD4-6D5E7946D7AB}.Release|Any CPU.Build.0 = Release|Any CPU
	EndGlobalSection
	GlobalSection(SolutionProperties) = preSolution
		HideSolutionNode = FALSE
	EndGlobalSection
	GlobalSection(ExtensibilityGlobals) = postSolution
		SolutionGuid = {4EE7BA84-BEC6-4AC8-BD56-3450CB1BE03D}
	EndGlobalSection
EndGlobal
